PODS:
  - Kingfisher (5.14.0):
    - Kingfisher/Core (= 5.14.0)
  - Kingfisher/Core (5.14.0)
  - Realm (5.0.0):
    - Realm/Headers (= 5.0.0)
  - Realm/Headers (5.0.0)
  - RealmSwift (5.0.0):
    - Realm (= 5.0.0)

DEPENDENCIES:
  - Kingfisher (~> 5.0)
  - RealmSwift

SPEC REPOS:
  trunk:
    - Kingfisher
    - Realm
    - RealmSwift

SPEC CHECKSUMS:
  Kingfisher: 7b64389a43139c903ec434788344c288217c792d
  Realm: 76066d333de26f97e9caedaa85ee3ff4a62ca265
  RealmSwift: c1bdff09b422569dc6881410d9ccf712bcdb79b0

PODFILE CHECKSUM: e64bdb97de30c8c70a1b257e92518ebeefb36202

COCOAPODS: 1.9.1
